
Microsoft Visual Studio Solution File, Format Version 12.00
# Visual Studio 15
VisualStudioVersion = 15.0.27130.2027
MinimumVisualStudioVersion = 10.0.40219.1
Project("{FAE04EC0-301F-11D3-BF4B-00C04F79EFBC}") = "NinjaDomain.DataModels", "NinjaDomain.DataModels\NinjaDomain.DataModels.csproj", "{A3CEF633-F524-4C65-A9FE-E1FE21025560}"
EndProject
Project("{FAE04EC0-301F-11D3-BF4B-00C04F79EFBC}") = "EDMXFromDB", "EDMXFromDB\EDMXFromDB.csproj", "{1F69C318-CFFF-46D5-BD9D-0F5A2B4717F9}"
EndProject
Project("{FAE04EC0-301F-11D3-BF4B-00C04F79EFBC}") = "CodemodelFronDB", "CodemodelFronDB\CodemodelFronDB.csproj", "{3C88D742-DCF4-43A6-985C-B741C9CEBFB3}"
EndProject
Project("{FAE04EC0-301F-11D3-BF4B-00C04F79EFBC}") = "ConsoleApplication", "ConsoleApplication\ConsoleApplication.csproj", "{1B58B660-0B62-44A7-A99D-4B681BF9C9E3}"
EndProject
Project("{FAE04EC0-301F-11D3-BF4B-00C04F79EFBC}") = "MVC5", "MVC5\MVC5.csproj", "{B48F99E0-3F7A-4316-A772-6B858A422A47}"
EndProject
Project("{FAE04EC0-301F-11D3-BF4B-00C04F79EFBC}") = "NinjaDomain.Clases", "NinjaDomain.Clases\NinjaDomain.Clases.csproj", "{CB079A99-942D-4FA3-BFFC-E04660E78E1B}"
EndProject
Project("{FAE04EC0-301F-11D3-BF4B-00C04F79EFBC}") = "MVCAppRepository", "MVCAppRepository\MVCAppRepository.csproj", "{CFB40458-AE8A-4BA0-BF76-424F1FABC409}"
EndProject
Project("{2150E333-8FDC-42A3-9474-1A3956D46DE8}") = "MVC", "MVC", "{B7993000-E161-4422-92A0-646B4F7D1A60}"
EndProject
Project("{2150E333-8FDC-42A3-9474-1A3956D46DE8}") = "Web API", "Web API", "{217AEEAF-7C2F-4394-9AA2-6F4FFEA6774C}"
EndProject
Project("{FAE04EC0-301F-11D3-BF4B-00C04F79EFBC}") = "WebAPI", "WebAPI\WebAPI.csproj", "{1F2B98C6-5E3F-49F4-B905-7A679B5AC0AC}"
EndProject
Global
	GlobalSection(SolutionConfigurationPlatforms) = preSolution
		Debug|Any CPU = Debug|Any CPU
		Release|Any CPU = Release|Any CPU
	EndGlobalSection
	GlobalSection(ProjectConfigurationPlatforms) = postSolution
		{A3CEF633-F524-4C65-A9FE-E1FE21025560}.Debug|Any CPU.ActiveCfg = Debug|Any CPU
		{A3CEF633-F524-4C65-A9FE-E1FE21025560}.Debug|Any CPU.Build.0 = Debug|Any CPU
		{A3CEF633-F524-4C65-A9FE-E1FE21025560}.Release|Any CPU.ActiveCfg = Release|Any CPU
		{A3CEF633-F524-4C65-A9FE-E1FE21025560}.Release|Any CPU.Build.0 = Release|Any CPU
		{1F69C318-CFFF-46D5-BD9D-0F5A2B4717F9}.Debug|Any CPU.ActiveCfg = Debug|Any CPU
		{1F69C318-CFFF-46D5-BD9D-0F5A2B4717F9}.Debug|Any CPU.Build.0 = Debug|Any CPU
		{1F69C318-CFFF-46D5-BD9D-0F5A2B4717F9}.Release|Any CPU.ActiveCfg = Release|Any CPU
		{1F69C318-CFFF-46D5-BD9D-0F5A2B4717F9}.Release|Any CPU.Build.0 = Release|Any CPU
		{3C88D742-DCF4-43A6-985C-B741C9CEBFB3}.Debug|Any CPU.ActiveCfg = Debug|Any CPU
		{3C88D742-DCF4-43A6-985C-B741C9CEBFB3}.Debug|Any CPU.Build.0 = Debug|Any CPU
		{3C88D742-DCF4-43A6-985C-B741C9CEBFB3}.Release|Any CPU.ActiveCfg = Release|Any CPU
		{3C88D742-DCF4-43A6-985C-B741C9CEBFB3}.Release|Any CPU.Build.0 = Release|Any CPU
		{1B58B660-0B62-44A7-A99D-4B681BF9C9E3}.Debug|Any CPU.ActiveCfg = Debug|Any CPU
		{1B58B660-0B62-44A7-A99D-4B681BF9C9E3}.Debug|Any CPU.Build.0 = Debug|Any CPU
		{1B58B660-0B62-44A7-A99D-4B681BF9C9E3}.Release|Any CPU.ActiveCfg = Release|Any CPU
		{1B58B660-0B62-44A7-A99D-4B681BF9C9E3}.Release|Any CPU.Build.0 = Release|Any CPU
		{B48F99E0-3F7A-4316-A772-6B858A422A47}.Debug|Any CPU.ActiveCfg = Debug|Any CPU
		{B48F99E0-3F7A-4316-A772-6B858A422A47}.Debug|Any CPU.Build.0 = Debug|Any CPU
		{B48F99E0-3F7A-4316-A772-6B858A422A47}.Release|Any CPU.ActiveCfg = Release|Any CPU
		{B48F99E0-3F7A-4316-A772-6B858A422A47}.Release|Any CPU.Build.0 = Release|Any CPU
		{CB079A99-942D-4FA3-BFFC-E04660E78E1B}.Debug|Any CPU.ActiveCfg = Debug|Any CPU
		{CB079A99-942D-4FA3-BFFC-E04660E78E1B}.Debug|Any CPU.Build.0 = Debug|Any CPU
		{CB079A99-942D-4FA3-BFFC-E04660E78E1B}.Release|Any CPU.ActiveCfg = Release|Any CPU
		{CB079A99-942D-4FA3-BFFC-E04660E78E1B}.Release|Any CPU.Build.0 = Release|Any CPU
		{CFB40458-AE8A-4BA0-BF76-424F1FABC409}.Debug|Any CPU.ActiveCfg = Debug|Any CPU
		{CFB40458-AE8A-4BA0-BF76-424F1FABC409}.Debug|Any CPU.Build.0 = Debug|Any CPU
		{CFB40458-AE8A-4BA0-BF76-424F1FABC409}.Release|Any CPU.ActiveCfg = Release|Any CPU
		{CFB40458-AE8A-4BA0-BF76-424F1FABC409}.Release|Any CPU.Build.0 = Release|Any CPU
		{1F2B98C6-5E3F-49F4-B905-7A679B5AC0AC}.Debug|Any CPU.ActiveCfg = Debug|Any CPU
		{1F2B98C6-5E3F-49F4-B905-7A679B5AC0AC}.Debug|Any CPU.Build.0 = Debug|Any CPU
		{1F2B98C6-5E3F-49F4-B905-7A679B5AC0AC}.Release|Any CPU.ActiveCfg = Release|Any CPU
		{1F2B98C6-5E3F-49F4-B905-7A679B5AC0AC}.Release|Any CPU.Build.0 = Release|Any CPU
	EndGlobalSection
	GlobalSection(SolutionProperties) = preSolution
		HideSolutionNode = FALSE
	EndGlobalSection
	GlobalSection(NestedProjects) = preSolution
		{B48F99E0-3F7A-4316-A772-6B858A422A47} = {B7993000-E161-4422-92A0-646B4F7D1A60}
		{CFB40458-AE8A-4BA0-BF76-424F1FABC409} = {B7993000-E161-4422-92A0-646B4F7D1A60}
		{1F2B98C6-5E3F-49F4-B905-7A679B5AC0AC} = {217AEEAF-7C2F-4394-9AA2-6F4FFEA6774C}
	EndGlobalSection
	GlobalSection(ExtensibilityGlobals) = postSolution
		SolutionGuid = {99B8439D-3CBA-4EC7-B6C9-8116FB94B4AB}
	EndGlobalSection
EndGlobal
